github.com/itmisx/timewheel v0.0.2 h1:KyYI0/HMy4herZIMGbWQ+SYKPzpXDLvUB4kfJSegA30=
github.com/itmisx/timewheel v0.0.2/go.mod h1:5Culjn30ohCXkTqXwURFojaevuw3EY0ev4dQWmaW6aM=
github.com/itmisx/timewheel v0.0.4 h1:gt4yICCXn0psi/AD12ejXynXsYKu4Zz4GgqKkzXWUgA=
github.com/itmisx/timewheel v0.0.4/go.mod h1:5Culjn30ohCXkTqXwURFojaevuw3EY0ev4dQWmaW6aM=
